
Microsoft Visual Studio Solution File, Format Version 12.00
# Visual Studio Version 16
VisualStudioVersion = 16.0.31911.196
MinimumVisualStudioVersion = 10.0.40219.1
Project("{9A19103F-16F7-4668-BE54-9A1E7A4F7556}") = "KAFKA.CONSUMER.Data", "KAFKA.CONSUMER.Data\KAFKA.CONSUMER.Data.csproj", "{2173565E-4AAE-4752-9A68-B0331BFA1C43}"
EndProject
Project("{9A19103F-16F7-4668-BE54-9A1E7A4F7556}") = "KAFKA.CONSUMER.Dominios", "KAFKA.CONSUMER.Dominios\KAFKA.CONSUMER.Dominios.csproj", "{B292730E-34DB-488A-AE58-7849A2817E5B}"
EndProject
Project("{9A19103F-16F7-4668-BE54-9A1E7A4F7556}") = "KAFKA.CONSUMER.Main", "KAFKA.CONSUMER.Main\KAFKA.CONSUMER.Main.csproj", "{AAB73B86-1D85-4862-8448-E4E824525629}"
EndProject
Project("{FAE04EC0-301F-11D3-BF4B-00C04F79EFBC}") = "KAFKA.CONSUMER.Aplicacao", "KAFKA.CONSUMER.Aplicacao\KAFKA.CONSUMER.Aplicacao.csproj", "{07DA443B-248C-4331-9EAD-9CDB102B5BA9}"
EndProject
Project("{FAE04EC0-301F-11D3-BF4B-00C04F79EFBC}") = "KAFKA.CONSUMER.Ioc", "KAFKA.CONSUMER.Ioc\KAFKA.CONSUMER.Ioc.csproj", "{360E3970-D5A0-43FC-A35F-2B0103949D1A}"
EndProject
Global
	GlobalSection(SolutionConfigurationPlatforms) = preSolution
		Debug|Any CPU = Debug|Any CPU
		Release|Any CPU = Release|Any CPU
	EndGlobalSection
	GlobalSection(ProjectConfigurationPlatforms) = postSolution
		{2173565E-4AAE-4752-9A68-B0331BFA1C43}.Debug|Any CPU.ActiveCfg = Debug|Any CPU
		{2173565E-4AAE-4752-9A68-B0331BFA1C43}.Debug|Any CPU.Build.0 = Debug|Any CPU
		{2173565E-4AAE-4752-9A68-B0331BFA1C43}.Release|Any CPU.ActiveCfg = Release|Any CPU
		{2173565E-4AAE-4752-9A68-B0331BFA1C43}.Release|Any CPU.Build.0 = Release|Any CPU
		{B292730E-34DB-488A-AE58-7849A2817E5B}.Debug|Any CPU.ActiveCfg = Debug|Any CPU
		{B292730E-34DB-488A-AE58-7849A2817E5B}.Debug|Any CPU.Build.0 = Debug|Any CPU
		{B292730E-34DB-488A-AE58-7849A2817E5B}.Release|Any CPU.ActiveCfg = Release|Any CPU
		{B292730E-34DB-488A-AE58-7849A2817E5B}.Release|Any CPU.Build.0 = Release|Any CPU
		{AAB73B86-1D85-4862-8448-E4E824525629}.Debug|Any CPU.ActiveCfg = Debug|Any CPU
		{AAB73B86-1D85-4862-8448-E4E824525629}.Debug|Any CPU.Build.0 = Debug|Any CPU
		{AAB73B86-1D85-4862-8448-E4E824525629}.Release|Any CPU.ActiveCfg = Release|Any CPU
		{AAB73B86-1D85-4862-8448-E4E824525629}.Release|Any CPU.Build.0 = Release|Any CPU
		{07DA443B-248C-4331-9EAD-9CDB102B5BA9}.Debug|Any CPU.ActiveCfg = Debug|Any CPU
		{07DA443B-248C-4331-9EAD-9CDB102B5BA9}.Debug|Any CPU.Build.0 = Debug|Any CPU
		{07DA443B-248C-4331-9EAD-9CDB102B5BA9}.Release|Any CPU.ActiveCfg = Release|Any CPU
		{07DA443B-248C-4331-9EAD-9CDB102B5BA9}.Release|Any CPU.Build.0 = Release|Any CPU
		{360E3970-D5A0-43FC-A35F-2B0103949D1A}.Debug|Any CPU.ActiveCfg = Debug|Any CPU
		{360E3970-D5A0-43FC-A35F-2B0103949D1A}.Debug|Any CPU.Build.0 = Debug|Any CPU
		{360E3970-D5A0-43FC-A35F-2B0103949D1A}.Release|Any CPU.ActiveCfg = Release|Any CPU
		{360E3970-D5A0-43FC-A35F-2B0103949D1A}.Release|Any CPU.Build.0 = Release|Any CPU
	EndGlobalSection
	GlobalSection(SolutionProperties) = preSolution
		HideSolutionNode = FALSE
	EndGlobalSection
	GlobalSection(ExtensibilityGlobals) = postSolution
		SolutionGuid = {6C01ADC4-79E3-4827-9014-F5083611BFE8}
	EndGlobalSection
EndGlobal
